Microsoft Visual Studio Solution File, Format Version 11.00
# Visual Studio 2008

Project("{9CB2288F-CD47-9422-173D-12F5F6907A39}") = "Ansiety", "Assembly-CSharp-firstpass.csproj", "{56B2D0CE-47F4-D634-0486-50AAB8A2D769}"
EndProject
Project("{9CB2288F-CD47-9422-173D-12F5F6907A39}") = "Ansiety", "Assembly-CSharp.csproj", "{C5849C08-177A-DAF1-04F7-4B173DB0E8C7}"
EndProject
Project("{9CB2288F-CD47-9422-173D-12F5F6907A39}") = "Ansiety", "Assembly-CSharp-Editor.csproj", "{A9BE9531-65EB-1616-C488-6E2E0193D3C7}"
EndProject
Project("{9CB2288F-CD47-9422-173D-12F5F6907A39}") = "Ansiety", "Assembly-UnityScript-firstpass.unityproj", "{DDFC37E9-60B7-B831-BC42-88DE7C264968}"
EndProject
Project("{9CB2288F-CD47-9422-173D-12F5F6907A39}") = "Ansiety", "Assembly-UnityScript.unityproj", "{748166EB-3DEC-9FFB-C55A-A10F1AD3AF45}"
EndProject
Global
	GlobalSection(SolutionConfigurationPlatforms) = preSolution
		Debug|Any CPU = Debug|Any CPU
		Release|Any CPU = Release|Any CPU
	EndGlobalSection
	GlobalSection(ProjectConfigurationPlatforms) = postSolution
		{56B2D0CE-47F4-D634-0486-50AAB8A2D769}.Debug|Any CPU.ActiveCfg = Debug|Any CPU
		{56B2D0CE-47F4-D634-0486-50AAB8A2D769}.Debug|Any CPU.Build.0 = Debug|Any CPU
		{56B2D0CE-47F4-D634-0486-50AAB8A2D769}.Release|Any CPU.ActiveCfg = Release|Any CPU
		{56B2D0CE-47F4-D634-0486-50AAB8A2D769}.Release|Any CPU.Build.0 = Release|Any CPU
		{C5849C08-177A-DAF1-04F7-4B173DB0E8C7}.Debug|Any CPU.ActiveCfg = Debug|Any CPU
		{C5849C08-177A-DAF1-04F7-4B173DB0E8C7}.Debug|Any CPU.Build.0 = Debug|Any CPU
		{C5849C08-177A-DAF1-04F7-4B173DB0E8C7}.Release|Any CPU.ActiveCfg = Release|Any CPU
		{C5849C08-177A-DAF1-04F7-4B173DB0E8C7}.Release|Any CPU.Build.0 = Release|Any CPU
		{A9BE9531-65EB-1616-C488-6E2E0193D3C7}.Debug|Any CPU.ActiveCfg = Debug|Any CPU
		{A9BE9531-65EB-1616-C488-6E2E0193D3C7}.Debug|Any CPU.Build.0 = Debug|Any CPU
		{A9BE9531-65EB-1616-C488-6E2E0193D3C7}.Release|Any CPU.ActiveCfg = Release|Any CPU
		{A9BE9531-65EB-1616-C488-6E2E0193D3C7}.Release|Any CPU.Build.0 = Release|Any CPU
		{DDFC37E9-60B7-B831-BC42-88DE7C264968}.Debug|Any CPU.ActiveCfg = Debug|Any CPU
		{DDFC37E9-60B7-B831-BC42-88DE7C264968}.Debug|Any CPU.Build.0 = Debug|Any CPU
		{DDFC37E9-60B7-B831-BC42-88DE7C264968}.Release|Any CPU.ActiveCfg = Release|Any CPU
		{DDFC37E9-60B7-B831-BC42-88DE7C264968}.Release|Any CPU.Build.0 = Release|Any CPU
		{748166EB-3DEC-9FFB-C55A-A10F1AD3AF45}.Debug|Any CPU.ActiveCfg = Debug|Any CPU
		{748166EB-3DEC-9FFB-C55A-A10F1AD3AF45}.Debug|Any CPU.Build.0 = Debug|Any CPU
		{748166EB-3DEC-9FFB-C55A-A10F1AD3AF45}.Release|Any CPU.ActiveCfg = Release|Any CPU
		{748166EB-3DEC-9FFB-C55A-A10F1AD3AF45}.Release|Any CPU.Build.0 = Release|Any CPU
	EndGlobalSection
	GlobalSection(SolutionProperties) = preSolution
		HideSolutionNode = FALSE
	EndGlobalSection
											GlobalSection(MonoDevelopProperties) = preSolution
		StartupItem = Assembly-CSharp.csproj
		Policies = $0
		$0.TextStylePolicy = $1
		$1.inheritsSet = null
		$1.scope = text/x-csharp
		$0.CSharpFormattingPolicy = $2
		$2.inheritsSet = Mono
		$2.inheritsScope = text/x-csharp
		$2.scope = text/x-csharp
		$0.TextStylePolicy = $3
		$3.FileWidth = 120
		$3.TabWidth = 4
		$3.EolMarker = Unix
		$3.inheritsSet = Mono
		$3.inheritsScope = text/plain
		$3.scope = text/plain
	EndGlobalSection

EndGlobal
